
Microsoft Visual Studio Solution File, Format Version 12.00
# Visual Studio Version 16
VisualStudioVersion = 16.0.31424.327
MinimumVisualStudioVersion = 10.0.40219.1
Project("{FAE04EC0-301F-11D3-BF4B-00C04F79EFBC}") = "WebApplicationTest", "WebApplicationTest.csproj", "{664E8325-6DF3-4250-8F0A-B6271F092CA8}"
EndProject
Global
	GlobalSection(SolutionConfigurationPlatforms) = preSolution
		Debug|Any CPU = Debug|Any CPU
		Release|Any CPU = Release|Any CPU
	EndGlobalSection
	GlobalSection(ProjectConfigurationPlatforms) = postSolution
		{664E8325-6DF3-4250-8F0A-B6271F092CA8}.Debug|Any CPU.ActiveCfg = Debug|Any CPU
		{664E8325-6DF3-4250-8F0A-B6271F092CA8}.Debug|Any CPU.Build.0 = Debug|Any CPU
		{664E8325-6DF3-4250-8F0A-B6271F092CA8}.Release|Any CPU.ActiveCfg = Release|Any CPU
		{664E8325-6DF3-4250-8F0A-B6271F092CA8}.Release|Any CPU.Build.0 = Release|Any CPU
	EndGlobalSection
	GlobalSection(SolutionProperties) = preSolution
		HideSolutionNode = FALSE
	EndGlobalSection
	GlobalSection(ExtensibilityGlobals) = postSolution
		SolutionGuid = {D33C10FD-C9E5-477C-B5EE-49BFC98627CE}
	EndGlobalSection
EndGlobal
